
Microsoft Visual Studio Solution File, Format Version 12.00
# Visual Studio Version 16
VisualStudioVersion = 16.0.30011.22
MinimumVisualStudioVersion = 10.0.40219.1
Project("{FAE04EC0-301F-11D3-BF4B-00C04F79EFBC}") = "RealPromoAPIWEB", "RealPromoAPIWEB\RealPromoAPIWEB.csproj", "{AB6F0ECC-763B-460B-AA1F-85BE05A1F60A}"
EndProject
Global
	GlobalSection(SolutionConfigurationPlatforms) = preSolution
		Debug|Any CPU = Debug|Any CPU
		Release|Any CPU = Release|Any CPU
	EndGlobalSection
	GlobalSection(ProjectConfigurationPlatforms) = postSolution
		{AB6F0ECC-763B-460B-AA1F-85BE05A1F60A}.Debug|Any CPU.ActiveCfg = Debug|Any CPU
		{AB6F0ECC-763B-460B-AA1F-85BE05A1F60A}.Debug|Any CPU.Build.0 = Debug|Any CPU
		{AB6F0ECC-763B-460B-AA1F-85BE05A1F60A}.Release|Any CPU.ActiveCfg = Release|Any CPU
		{AB6F0ECC-763B-460B-AA1F-85BE05A1F60A}.Release|Any CPU.Build.0 = Release|Any CPU
	EndGlobalSection
	GlobalSection(SolutionProperties) = preSolution
		HideSolutionNode = FALSE
	EndGlobalSection
	GlobalSection(ExtensibilityGlobals) = postSolution
		SolutionGuid = {21242762-03DA-481F-9E44-D221C25F40E8}
	EndGlobalSection
EndGlobal
