
Microsoft Visual Studio Solution File, Format Version 12.00
# Visual Studio Version 16
VisualStudioVersion = 16.0.30011.22
MinimumVisualStudioVersion = 10.0.40219.1
Project("{9A19103F-16F7-4668-BE54-9A1E7A4F7556}") = "RealPromoAPIWEB", "RealPromoAPIWEB\RealPromoAPIWEB.csproj", "{AB6F0ECC-763B-460B-AA1F-85BE05A1F60A}"
EndProject
Project("{FAE04EC0-301F-11D3-BF4B-00C04F79EFBC}") = "RealPromo.UWP", "RealPromo\RealPromo.UWP\RealPromo.UWP.csproj", "{BC178FBA-C58B-4F2F-9482-8B5363CA3244}"
EndProject
Project("{FAE04EC0-301F-11D3-BF4B-00C04F79EFBC}") = "RealPromo.Android", "RealPromo\RealPromo.Android\RealPromo.Android.csproj", "{92124972-1F98-4EB9-8BDB-91D4BD37EDC6}"
EndProject
Project("{FAE04EC0-301F-11D3-BF4B-00C04F79EFBC}") = "RealPromo.iOS", "RealPromo\RealPromo.iOS\RealPromo.iOS.csproj", "{862567A3-B657-4349-8EEE-81D7581D7EA3}"
EndProject
Project("{FAE04EC0-301F-11D3-BF4B-00C04F79EFBC}") = "RealPromo", "RealPromo\RealPromo\RealPromo.csproj", "{4BA16D96-508F-46D5-BA0A-431576F1B24B}"
EndProject
Global
	GlobalSection(SolutionConfigurationPlatforms) = preSolution
		Debug|Any CPU = Debug|Any CPU
		Debug|ARM = Debug|ARM
		Debug|iPhone = Debug|iPhone
		Debug|iPhoneSimulator = Debug|iPhoneSimulator
		Debug|x64 = Debug|x64
		Debug|x86 = Debug|x86
		Release|Any CPU = Release|Any CPU
		Release|ARM = Release|ARM
		Release|iPhone = Release|iPhone
		Release|iPhoneSimulator = Release|iPhoneSimulator
		Release|x64 = Release|x64
		Release|x86 = Release|x86
	EndGlobalSection
	GlobalSection(ProjectConfigurationPlatforms) = postSolution
		{AB6F0ECC-763B-460B-AA1F-85BE05A1F60A}.Debug|Any CPU.ActiveCfg = Debug|Any CPU
		{AB6F0ECC-763B-460B-AA1F-85BE05A1F60A}.Debug|Any CPU.Build.0 = Debug|Any CPU
		{AB6F0ECC-763B-460B-AA1F-85BE05A1F60A}.Debug|ARM.ActiveCfg = Debug|Any CPU
		{AB6F0ECC-763B-460B-AA1F-85BE05A1F60A}.Debug|ARM.Build.0 = Debug|Any CPU
		{AB6F0ECC-763B-460B-AA1F-85BE05A1F60A}.Debug|iPhone.ActiveCfg = Debug|Any CPU
		{AB6F0ECC-763B-460B-AA1F-85BE05A1F60A}.Debug|iPhone.Build.0 = Debug|Any CPU
		{AB6F0ECC-763B-460B-AA1F-85BE05A1F60A}.Debug|iPhoneSimulator.ActiveCfg = Debug|Any CPU
		{AB6F0ECC-763B-460B-AA1F-85BE05A1F60A}.Debug|iPhoneSimulator.Build.0 = Debug|Any CPU
		{AB6F0ECC-763B-460B-AA1F-85BE05A1F60A}.Debug|x64.ActiveCfg = Debug|Any CPU
		{AB6F0ECC-763B-460B-AA1F-85BE05A1F60A}.Debug|x64.Build.0 = Debug|Any CPU
		{AB6F0ECC-763B-460B-AA1F-85BE05A1F60A}.Debug|x86.ActiveCfg = Debug|Any CPU
		{AB6F0ECC-763B-460B-AA1F-85BE05A1F60A}.Debug|x86.Build.0 = Debug|Any CPU
		{AB6F0ECC-763B-460B-AA1F-85BE05A1F60A}.Release|Any CPU.ActiveCfg = Release|Any CPU
		{AB6F0ECC-763B-460B-AA1F-85BE05A1F60A}.Release|Any CPU.Build.0 = Release|Any CPU
		{AB6F0ECC-763B-460B-AA1F-85BE05A1F60A}.Release|ARM.ActiveCfg = Release|Any CPU
		{AB6F0ECC-763B-460B-AA1F-85BE05A1F60A}.Release|ARM.Build.0 = Release|Any CPU
		{AB6F0ECC-763B-460B-AA1F-85BE05A1F60A}.Release|iPhone.ActiveCfg = Release|Any CPU
		{AB6F0ECC-763B-460B-AA1F-85BE05A1F60A}.Release|iPhone.Build.0 = Release|Any CPU
		{AB6F0ECC-763B-460B-AA1F-85BE05A1F60A}.Release|iPhoneSimulator.ActiveCfg = Release|Any CPU
		{AB6F0ECC-763B-460B-AA1F-85BE05A1F60A}.Release|iPhoneSimulator.Build.0 = Release|Any CPU
		{AB6F0ECC-763B-460B-AA1F-85BE05A1F60A}.Release|x64.ActiveCfg = Release|Any CPU
		{AB6F0ECC-763B-460B-AA1F-85BE05A1F60A}.Release|x64.Build.0 = Release|Any CPU
		{AB6F0ECC-763B-460B-AA1F-85BE05A1F60A}.Release|x86.ActiveCfg = Release|Any CPU
		{AB6F0ECC-763B-460B-AA1F-85BE05A1F60A}.Release|x86.Build.0 = Release|Any CPU
		{BC178FBA-C58B-4F2F-9482-8B5363CA3244}.Debug|Any CPU.ActiveCfg = Debug|x86
		{BC178FBA-C58B-4F2F-9482-8B5363CA3244}.Debug|ARM.ActiveCfg = Debug|ARM
		{BC178FBA-C58B-4F2F-9482-8B5363CA3244}.Debug|ARM.Build.0 = Debug|ARM
		{BC178FBA-C58B-4F2F-9482-8B5363CA3244}.Debug|ARM.Deploy.0 = Debug|ARM
		{BC178FBA-C58B-4F2F-9482-8B5363CA3244}.Debug|iPhone.ActiveCfg = Debug|x86
		{BC178FBA-C58B-4F2F-9482-8B5363CA3244}.Debug|iPhoneSimulator.ActiveCfg = Debug|x86
		{BC178FBA-C58B-4F2F-9482-8B5363CA3244}.Debug|x64.ActiveCfg = Debug|x64
		{BC178FBA-C58B-4F2F-9482-8B5363CA3244}.Debug|x64.Build.0 = Debug|x64
		{BC178FBA-C58B-4F2F-9482-8B5363CA3244}.Debug|x64.Deploy.0 = Debug|x64
		{BC178FBA-C58B-4F2F-9482-8B5363CA3244}.Debug|x86.ActiveCfg = Debug|x86
		{BC178FBA-C58B-4F2F-9482-8B5363CA3244}.Debug|x86.Build.0 = Debug|x86
		{BC178FBA-C58B-4F2F-9482-8B5363CA3244}.Debug|x86.Deploy.0 = Debug|x86
		{BC178FBA-C58B-4F2F-9482-8B5363CA3244}.Release|Any CPU.ActiveCfg = Release|x86
		{BC178FBA-C58B-4F2F-9482-8B5363CA3244}.Release|ARM.ActiveCfg = Release|ARM
		{BC178FBA-C58B-4F2F-9482-8B5363CA3244}.Release|ARM.Build.0 = Release|ARM
		{BC178FBA-C58B-4F2F-9482-8B5363CA3244}.Release|ARM.Deploy.0 = Release|ARM
		{BC178FBA-C58B-4F2F-9482-8B5363CA3244}.Release|iPhone.ActiveCfg = Release|x86
		{BC178FBA-C58B-4F2F-9482-8B5363CA3244}.Release|iPhoneSimulator.ActiveCfg = Release|x86
		{BC178FBA-C58B-4F2F-9482-8B5363CA3244}.Release|x64.ActiveCfg = Release|x64
		{BC178FBA-C58B-4F2F-9482-8B5363CA3244}.Release|x64.Build.0 = Release|x64
		{BC178FBA-C58B-4F2F-9482-8B5363CA3244}.Release|x64.Deploy.0 = Release|x64
		{BC178FBA-C58B-4F2F-9482-8B5363CA3244}.Release|x86.ActiveCfg = Release|x86
		{BC178FBA-C58B-4F2F-9482-8B5363CA3244}.Release|x86.Build.0 = Release|x86
		{BC178FBA-C58B-4F2F-9482-8B5363CA3244}.Release|x86.Deploy.0 = Release|x86
		{92124972-1F98-4EB9-8BDB-91D4BD37EDC6}.Debug|Any CPU.ActiveCfg = Debug|Any CPU
		{92124972-1F98-4EB9-8BDB-91D4BD37EDC6}.Debug|Any CPU.Build.0 = Debug|Any CPU
		{92124972-1F98-4EB9-8BDB-91D4BD37EDC6}.Debug|Any CPU.Deploy.0 = Debug|Any CPU
		{92124972-1F98-4EB9-8BDB-91D4BD37EDC6}.Debug|ARM.ActiveCfg = Debug|Any CPU
		{92124972-1F98-4EB9-8BDB-91D4BD37EDC6}.Debug|ARM.Build.0 = Debug|Any CPU
		{92124972-1F98-4EB9-8BDB-91D4BD37EDC6}.Debug|ARM.Deploy.0 = Debug|Any CPU
		{92124972-1F98-4EB9-8BDB-91D4BD37EDC6}.Debug|iPhone.ActiveCfg = Debug|Any CPU
		{92124972-1F98-4EB9-8BDB-91D4BD37EDC6}.Debug|iPhone.Build.0 = Debug|Any CPU
		{92124972-1F98-4EB9-8BDB-91D4BD37EDC6}.Debug|iPhone.Deploy.0 = Debug|Any CPU
		{92124972-1F98-4EB9-8BDB-91D4BD37EDC6}.Debug|iPhoneSimulator.ActiveCfg = Debug|Any CPU
		{92124972-1F98-4EB9-8BDB-91D4BD37EDC6}.Debug|iPhoneSimulator.Build.0 = Debug|Any CPU
		{92124972-1F98-4EB9-8BDB-91D4BD37EDC6}.Debug|iPhoneSimulator.Deploy.0 = Debug|Any CPU
		{92124972-1F98-4EB9-8BDB-91D4BD37EDC6}.Debug|x64.ActiveCfg = Debug|Any CPU
		{92124972-1F98-4EB9-8BDB-91D4BD37EDC6}.Debug|x64.Build.0 = Debug|Any CPU
		{92124972-1F98-4EB9-8BDB-91D4BD37EDC6}.Debug|x64.Deploy.0 = Debug|Any CPU
		{92124972-1F98-4EB9-8BDB-91D4BD37EDC6}.Debug|x86.ActiveCfg = Debug|Any CPU
		{92124972-1F98-4EB9-8BDB-91D4BD37EDC6}.Debug|x86.Build.0 = Debug|Any CPU
		{92124972-1F98-4EB9-8BDB-91D4BD37EDC6}.Debug|x86.Deploy.0 = Debug|Any CPU
		{92124972-1F98-4EB9-8BDB-91D4BD37EDC6}.Release|Any CPU.ActiveCfg = Release|Any CPU
		{92124972-1F98-4EB9-8BDB-91D4BD37EDC6}.Release|Any CPU.Build.0 = Release|Any CPU
		{92124972-1F98-4EB9-8BDB-91D4BD37EDC6}.Release|Any CPU.Deploy.0 = Release|Any CPU
		{92124972-1F98-4EB9-8BDB-91D4BD37EDC6}.Release|ARM.ActiveCfg = Release|Any CPU
		{92124972-1F98-4EB9-8BDB-91D4BD37EDC6}.Release|ARM.Build.0 = Release|Any CPU
		{92124972-1F98-4EB9-8BDB-91D4BD37EDC6}.Release|ARM.Deploy.0 = Release|Any CPU
		{92124972-1F98-4EB9-8BDB-91D4BD37EDC6}.Release|iPhone.ActiveCfg = Release|Any CPU
		{92124972-1F98-4EB9-8BDB-91D4BD37EDC6}.Release|iPhone.Build.0 = Release|Any CPU
		{92124972-1F98-4EB9-8BDB-91D4BD37EDC6}.Release|iPhone.Deploy.0 = Release|Any CPU
		{92124972-1F98-4EB9-8BDB-91D4BD37EDC6}.Release|iPhoneSimulator.ActiveCfg = Release|Any CPU
		{92124972-1F98-4EB9-8BDB-91D4BD37EDC6}.Release|iPhoneSimulator.Build.0 = Release|Any CPU
		{92124972-1F98-4EB9-8BDB-91D4BD37EDC6}.Release|iPhoneSimulator.Deploy.0 = Release|Any CPU
		{92124972-1F98-4EB9-8BDB-91D4BD37EDC6}.Release|x64.ActiveCfg = Release|Any CPU
		{92124972-1F98-4EB9-8BDB-91D4BD37EDC6}.Release|x64.Build.0 = Release|Any CPU
		{92124972-1F98-4EB9-8BDB-91D4BD37EDC6}.Release|x64.Deploy.0 = Release|Any CPU
		{92124972-1F98-4EB9-8BDB-91D4BD37EDC6}.Release|x86.ActiveCfg = Release|Any CPU
		{92124972-1F98-4EB9-8BDB-91D4BD37EDC6}.Release|x86.Build.0 = Release|Any CPU
		{92124972-1F98-4EB9-8BDB-91D4BD37EDC6}.Release|x86.Deploy.0 = Release|Any CPU
		{862567A3-B657-4349-8EEE-81D7581D7EA3}.Debug|Any CPU.ActiveCfg = Debug|iPhone
		{862567A3-B657-4349-8EEE-81D7581D7EA3}.Debug|ARM.ActiveCfg = Debug|iPhone
		{862567A3-B657-4349-8EEE-81D7581D7EA3}.Debug|iPhone.ActiveCfg = Debug|iPhone
		{862567A3-B657-4349-8EEE-81D7581D7EA3}.Debug|iPhone.Build.0 = Debug|iPhone
		{862567A3-B657-4349-8EEE-81D7581D7EA3}.Debug|iPhoneSimulator.ActiveCfg = Debug|iPhoneSimulator
		{862567A3-B657-4349-8EEE-81D7581D7EA3}.Debug|iPhoneSimulator.Build.0 = Debug|iPhoneSimulator
		{862567A3-B657-4349-8EEE-81D7581D7EA3}.Debug|x64.ActiveCfg = Debug|iPhone
		{862567A3-B657-4349-8EEE-81D7581D7EA3}.Debug|x86.ActiveCfg = Debug|iPhone
		{862567A3-B657-4349-8EEE-81D7581D7EA3}.Release|Any CPU.ActiveCfg = Release|iPhone
		{862567A3-B657-4349-8EEE-81D7581D7EA3}.Release|ARM.ActiveCfg = Release|iPhone
		{862567A3-B657-4349-8EEE-81D7581D7EA3}.Release|iPhone.ActiveCfg = Release|iPhone
		{862567A3-B657-4349-8EEE-81D7581D7EA3}.Release|iPhone.Build.0 = Release|iPhone
		{862567A3-B657-4349-8EEE-81D7581D7EA3}.Release|iPhoneSimulator.ActiveCfg = Release|iPhoneSimulator
		{862567A3-B657-4349-8EEE-81D7581D7EA3}.Release|iPhoneSimulator.Build.0 = Release|iPhoneSimulator
		{862567A3-B657-4349-8EEE-81D7581D7EA3}.Release|x64.ActiveCfg = Release|iPhone
		{862567A3-B657-4349-8EEE-81D7581D7EA3}.Release|x86.ActiveCfg = Release|iPhone
		{4BA16D96-508F-46D5-BA0A-431576F1B24B}.Debug|Any CPU.ActiveCfg = Debug|Any CPU
		{4BA16D96-508F-46D5-BA0A-431576F1B24B}.Debug|Any CPU.Build.0 = Debug|Any CPU
		{4BA16D96-508F-46D5-BA0A-431576F1B24B}.Debug|ARM.ActiveCfg = Debug|Any CPU
		{4BA16D96-508F-46D5-BA0A-431576F1B24B}.Debug|ARM.Build.0 = Debug|Any CPU
		{4BA16D96-508F-46D5-BA0A-431576F1B24B}.Debug|iPhone.ActiveCfg = Debug|Any CPU
		{4BA16D96-508F-46D5-BA0A-431576F1B24B}.Debug|iPhone.Build.0 = Debug|Any CPU
		{4BA16D96-508F-46D5-BA0A-431576F1B24B}.Debug|iPhoneSimulator.ActiveCfg = Debug|Any CPU
		{4BA16D96-508F-46D5-BA0A-431576F1B24B}.Debug|iPhoneSimulator.Build.0 = Debug|Any CPU
		{4BA16D96-508F-46D5-BA0A-431576F1B24B}.Debug|x64.ActiveCfg = Debug|Any CPU
		{4BA16D96-508F-46D5-BA0A-431576F1B24B}.Debug|x64.Build.0 = Debug|Any CPU
		{4BA16D96-508F-46D5-BA0A-431576F1B24B}.Debug|x86.ActiveCfg = Debug|Any CPU
		{4BA16D96-508F-46D5-BA0A-431576F1B24B}.Debug|x86.Build.0 = Debug|Any CPU
		{4BA16D96-508F-46D5-BA0A-431576F1B24B}.Release|Any CPU.ActiveCfg = Release|Any CPU
		{4BA16D96-508F-46D5-BA0A-431576F1B24B}.Release|Any CPU.Build.0 = Release|Any CPU
		{4BA16D96-508F-46D5-BA0A-431576F1B24B}.Release|ARM.ActiveCfg = Release|Any CPU
		{4BA16D96-508F-46D5-BA0A-431576F1B24B}.Release|ARM.Build.0 = Release|Any CPU
		{4BA16D96-508F-46D5-BA0A-431576F1B24B}.Release|iPhone.ActiveCfg = Release|Any CPU
		{4BA16D96-508F-46D5-BA0A-431576F1B24B}.Release|iPhone.Build.0 = Release|Any CPU
		{4BA16D96-508F-46D5-BA0A-431576F1B24B}.Release|iPhoneSimulator.ActiveCfg = Release|Any CPU
		{4BA16D96-508F-46D5-BA0A-431576F1B24B}.Release|iPhoneSimulator.Build.0 = Release|Any CPU
		{4BA16D96-508F-46D5-BA0A-431576F1B24B}.Release|x64.ActiveCfg = Release|Any CPU
		{4BA16D96-508F-46D5-BA0A-431576F1B24B}.Release|x64.Build.0 = Release|Any CPU
		{4BA16D96-508F-46D5-BA0A-431576F1B24B}.Release|x86.ActiveCfg = Release|Any CPU
		{4BA16D96-508F-46D5-BA0A-431576F1B24B}.Release|x86.Build.0 = Release|Any CPU
	EndGlobalSection
	GlobalSection(SolutionProperties) = preSolution
		HideSolutionNode = FALSE
	EndGlobalSection
	GlobalSection(ExtensibilityGlobals) = postSolution
		SolutionGuid = {21242762-03DA-481F-9E44-D221C25F40E8}
	EndGlobalSection
EndGlobal
